dependencies:
- name: postgresql
  repository: https://kubernetes-charts.storage.googleapis.com/
  version: 0.8.3
- name: redis
  repository: https://kubernetes-charts.storage.googleapis.com/
  version: 0.10.1
digest: sha256:4a04ce23a723f90d65ec45159f8ce02d2ecfb355454f6cc5edc5e6cf7d3c2735
generated: 2018-04-12T14:02:54.380115+02:00
